
Microsoft Visual Studio Solution File, Format Version 12.00
Project("{FAE04EC0-301F-11D3-BF4B-00C04F79EFBC}") = "HW32", "HW32\HW32.csproj", "{4155A8E4-E610-421D-A006-C9014C568D44}"
EndProject
Project("{FAE04EC0-301F-11D3-BF4B-00C04F79EFBC}") = "HW32-Client", "HW32-Client\HW32-Client.csproj", "{51AA42CE-2762-4D8C-9209-3B40A7CE3F3B}"
EndProject
Project("{FAE04EC0-301F-11D3-BF4B-00C04F79EFBC}") = "HW32.Common", "HW32.Common\HW32.Common.csproj", "{607B43D6-3159-48D6-9503-C2F03D7F52E6}"
EndProject
Global
	GlobalSection(SolutionConfigurationPlatforms) = preSolution
		Debug|Any CPU = Debug|Any CPU
		Release|Any CPU = Release|Any CPU
	EndGlobalSection
	GlobalSection(ProjectConfigurationPlatforms) = postSolution
		{4155A8E4-E610-421D-A006-C9014C568D44}.Debug|Any CPU.ActiveCfg = Debug|Any CPU
		{4155A8E4-E610-421D-A006-C9014C568D44}.Debug|Any CPU.Build.0 = Debug|Any CPU
		{4155A8E4-E610-421D-A006-C9014C568D44}.Release|Any CPU.ActiveCfg = Release|Any CPU
		{4155A8E4-E610-421D-A006-C9014C568D44}.Release|Any CPU.Build.0 = Release|Any CPU
		{51AA42CE-2762-4D8C-9209-3B40A7CE3F3B}.Debug|Any CPU.ActiveCfg = Debug|Any CPU
		{51AA42CE-2762-4D8C-9209-3B40A7CE3F3B}.Debug|Any CPU.Build.0 = Debug|Any CPU
		{51AA42CE-2762-4D8C-9209-3B40A7CE3F3B}.Release|Any CPU.ActiveCfg = Release|Any CPU
		{51AA42CE-2762-4D8C-9209-3B40A7CE3F3B}.Release|Any CPU.Build.0 = Release|Any CPU
		{607B43D6-3159-48D6-9503-C2F03D7F52E6}.Debug|Any CPU.ActiveCfg = Debug|Any CPU
		{607B43D6-3159-48D6-9503-C2F03D7F52E6}.Debug|Any CPU.Build.0 = Debug|Any CPU
		{607B43D6-3159-48D6-9503-C2F03D7F52E6}.Release|Any CPU.ActiveCfg = Release|Any CPU
		{607B43D6-3159-48D6-9503-C2F03D7F52E6}.Release|Any CPU.Build.0 = Release|Any CPU
	EndGlobalSection
EndGlobal
